
Microsoft Visual Studio Solution File, Format Version 12.00
Project("{2150E333-8FDC-42A3-9474-1A3956D46DE8}") = "Core", "Core", "{E3F22098-0000-441B-ABFE-BFD0361E3B36}"
EndProject
Project("{2150E333-8FDC-42A3-9474-1A3956D46DE8}") = "Application", "Application", "{FAA8961B-A885-4722-B938-B8F7427FC716}"
EndProject
Project("{2150E333-8FDC-42A3-9474-1A3956D46DE8}") = "Domain", "Domain", "{72A66C64-9F4A-4F52-83F8-9388CA1B71FC}"
EndProject
Project("{2150E333-8FDC-42A3-9474-1A3956D46DE8}") = "Infrastructure", "Infrastructure", "{55CE2385-28BB-48A0-9515-94D0064C43C4}"
EndProject
Project("{2150E333-8FDC-42A3-9474-1A3956D46DE8}") = "Presentation", "Presentation", "{A7758EC9-2E49-4BCC-9D85-FFFD8CEA7AF3}"
EndProject
Project("{2150E333-8FDC-42A3-9474-1A3956D46DE8}") = "Infrastructure", "Infrastructure", "{AC00B8DD-EE45-4AA8-A7AE-1CDDB545F78E}"
EndProject
Project("{2150E333-8FDC-42A3-9474-1A3956D46DE8}") = "Persistence", "Persistence", "{15A918C4-66F1-424F-B6DA-3C91B8BE1B26}"
EndProject
Project("{FAE04EC0-301F-11D3-BF4B-00C04F79EFBC}") = "ECommerce.Domain", "Core\Domain\ECommerce.Domain\ECommerce.Domain.csproj", "{2E5BA044-A933-40DC-B2F7-B7EF4210FC59}"
EndProject
Project("{FAE04EC0-301F-11D3-BF4B-00C04F79EFBC}") = "ECommerce.Application", "Core\Application\ECommerce.Application\ECommerce.Application.csproj", "{040F0564-881C-4194-834D-2A91A2F8BEC6}"
EndProject
Project("{FAE04EC0-301F-11D3-BF4B-00C04F79EFBC}") = "ECommerce.Insfrastructure", "Infrastructure\Infrastructure\ECommerce.Insfrastructure\ECommerce.Insfrastructure.csproj", "{634B01ED-8EA6-4AA3-85CB-646115C6AD30}"
EndProject
Project("{FAE04EC0-301F-11D3-BF4B-00C04F79EFBC}") = "ECommerce.Persistence", "Infrastructure\Persistence\ECommerce.Persistence\ECommerce.Persistence.csproj", "{DB5311CB-C8EE-46F0-AA70-93ECBF0C79F8}"
EndProject
Project("{FAE04EC0-301F-11D3-BF4B-00C04F79EFBC}") = "ECommerce.API", "Presentation\ECommerce.API\ECommerce.API.csproj", "{DB2A9304-42D6-494A-881A-1558203A2669}"
EndProject
Global
	GlobalSection(SolutionConfigurationPlatforms) = preSolution
		Debug|Any CPU = Debug|Any CPU
		Release|Any CPU = Release|Any CPU
	EndGlobalSection
	GlobalSection(NestedProjects) = preSolution
		{FAA8961B-A885-4722-B938-B8F7427FC716} = {E3F22098-0000-441B-ABFE-BFD0361E3B36}
		{72A66C64-9F4A-4F52-83F8-9388CA1B71FC} = {E3F22098-0000-441B-ABFE-BFD0361E3B36}
		{AC00B8DD-EE45-4AA8-A7AE-1CDDB545F78E} = {55CE2385-28BB-48A0-9515-94D0064C43C4}
		{15A918C4-66F1-424F-B6DA-3C91B8BE1B26} = {55CE2385-28BB-48A0-9515-94D0064C43C4}
		{2E5BA044-A933-40DC-B2F7-B7EF4210FC59} = {72A66C64-9F4A-4F52-83F8-9388CA1B71FC}
		{040F0564-881C-4194-834D-2A91A2F8BEC6} = {FAA8961B-A885-4722-B938-B8F7427FC716}
		{634B01ED-8EA6-4AA3-85CB-646115C6AD30} = {AC00B8DD-EE45-4AA8-A7AE-1CDDB545F78E}
		{DB5311CB-C8EE-46F0-AA70-93ECBF0C79F8} = {15A918C4-66F1-424F-B6DA-3C91B8BE1B26}
		{DB2A9304-42D6-494A-881A-1558203A2669} = {A7758EC9-2E49-4BCC-9D85-FFFD8CEA7AF3}
	EndGlobalSection
	GlobalSection(ProjectConfigurationPlatforms) = postSolution
		{2E5BA044-A933-40DC-B2F7-B7EF4210FC59}.Debug|Any CPU.ActiveCfg = Debug|Any CPU
		{2E5BA044-A933-40DC-B2F7-B7EF4210FC59}.Debug|Any CPU.Build.0 = Debug|Any CPU
		{2E5BA044-A933-40DC-B2F7-B7EF4210FC59}.Release|Any CPU.ActiveCfg = Release|Any CPU
		{2E5BA044-A933-40DC-B2F7-B7EF4210FC59}.Release|Any CPU.Build.0 = Release|Any CPU
		{040F0564-881C-4194-834D-2A91A2F8BEC6}.Debug|Any CPU.ActiveCfg = Debug|Any CPU
		{040F0564-881C-4194-834D-2A91A2F8BEC6}.Debug|Any CPU.Build.0 = Debug|Any CPU
		{040F0564-881C-4194-834D-2A91A2F8BEC6}.Release|Any CPU.ActiveCfg = Release|Any CPU
		{040F0564-881C-4194-834D-2A91A2F8BEC6}.Release|Any CPU.Build.0 = Release|Any CPU
		{634B01ED-8EA6-4AA3-85CB-646115C6AD30}.Debug|Any CPU.ActiveCfg = Debug|Any CPU
		{634B01ED-8EA6-4AA3-85CB-646115C6AD30}.Debug|Any CPU.Build.0 = Debug|Any CPU
		{634B01ED-8EA6-4AA3-85CB-646115C6AD30}.Release|Any CPU.ActiveCfg = Release|Any CPU
		{634B01ED-8EA6-4AA3-85CB-646115C6AD30}.Release|Any CPU.Build.0 = Release|Any CPU
		{DB5311CB-C8EE-46F0-AA70-93ECBF0C79F8}.Debug|Any CPU.ActiveCfg = Debug|Any CPU
		{DB5311CB-C8EE-46F0-AA70-93ECBF0C79F8}.Debug|Any CPU.Build.0 = Debug|Any CPU
		{DB5311CB-C8EE-46F0-AA70-93ECBF0C79F8}.Release|Any CPU.ActiveCfg = Release|Any CPU
		{DB5311CB-C8EE-46F0-AA70-93ECBF0C79F8}.Release|Any CPU.Build.0 = Release|Any CPU
		{DB2A9304-42D6-494A-881A-1558203A2669}.Debug|Any CPU.ActiveCfg = Debug|Any CPU
		{DB2A9304-42D6-494A-881A-1558203A2669}.Debug|Any CPU.Build.0 = Debug|Any CPU
		{DB2A9304-42D6-494A-881A-1558203A2669}.Release|Any CPU.ActiveCfg = Release|Any CPU
		{DB2A9304-42D6-494A-881A-1558203A2669}.Release|Any CPU.Build.0 = Release|Any CPU
	EndGlobalSection
EndGlobal
